
Microsoft Visual Studio Solution File, Format Version 12.00
# Visual Studio Version 16
VisualStudioVersion = 16.0.31515.178
MinimumVisualStudioVersion = 10.0.40219.1
Project("{9A19103F-16F7-4668-BE54-9A1E7A4F7556}") = "DotNetBrightener.PdfSharp.HtmlToPdf", "DotNetBrightener.PdfSharp.HtmlToPdf\DotNetBrightener.PdfSharp.HtmlToPdf.csproj", "{DF72F23D-0F22-4E60-8656-91B3007D87B6}"
EndProject
Project("{2150E333-8FDC-42A3-9474-1A3956D46DE8}") = "SolutionItems", "SolutionItems", "{333E183D-2FDE-496B-B2DA-A9B6B610268E}"
	ProjectSection(SolutionItems) = preProject
		Directory.Build.props = Directory.Build.props
		LICENSE = LICENSE
		README.md = README.md
	EndProjectSection
EndProject
Global
	GlobalSection(SolutionConfigurationPlatforms) = preSolution
		Debug|Any CPU = Debug|Any CPU
		Release|Any CPU = Release|Any CPU
	EndGlobalSection
	GlobalSection(ProjectConfigurationPlatforms) = postSolution
		{DF72F23D-0F22-4E60-8656-91B3007D87B6}.Debug|Any CPU.ActiveCfg = Debug|Any CPU
		{DF72F23D-0F22-4E60-8656-91B3007D87B6}.Debug|Any CPU.Build.0 = Debug|Any CPU
		{DF72F23D-0F22-4E60-8656-91B3007D87B6}.Release|Any CPU.ActiveCfg = Release|Any CPU
		{DF72F23D-0F22-4E60-8656-91B3007D87B6}.Release|Any CPU.Build.0 = Release|Any CPU
	EndGlobalSection
	GlobalSection(SolutionProperties) = preSolution
		HideSolutionNode = FALSE
	EndGlobalSection
	GlobalSection(ExtensibilityGlobals) = postSolution
		SolutionGuid = {803A9761-0AF9-49E5-881F-BF0E2E026BA1}
	EndGlobalSection
EndGlobal
